{
  "name": "stencil-connect-4",
  "version": "0.0.1",
  "lockfileVersion": 1,
  "requires": true,
  "dependencies": {
    "@ionic/core": {
      "version": "5.0.7",
      "resolved": "https://registry.npmjs.org/@ionic/core/-/core-5.0.7.tgz",
      "integrity": "sha512-94Ebr4Uw/2aOqweGr4Xmo5csjTQwLcDuHraMC+VuQWNoCztuJI9cX/yhsAS2Yftor+vXC/uGZkubK+P+RFh1jQ==",
      "dev": true,
      "requires": {
        "ionicons": "^5.0.1",
        "tslib": "^1.10.0"
      }
    },
    "@stencil/core": {
      "version": "1.12.2",
      "resolved": "https://registry.npmjs.org/@stencil/core/-/core-1.12.2.tgz",
      "integrity": "sha512-lB8N0IBBT2u3ahg7R1+WZnJ/NsdgSJi3cq3E1m3dE143OCSn/l7G0JOrqyg4FSNO+9QM/ywkWp0g2eGEABF3Sg==",
      "dev": true,
      "requires": {
        "typescript": "3.8.3"
      }
    },
    "fast-equals": {
      "version": "1.6.3",
      "resolved": "https://registry.npmjs.org/fast-equals/-/fast-equals-1.6.3.tgz",
      "integrity": "sha512-4WKW0AL5+WEqO0zWavAfYGY1qwLsBgE//DN4TTcVEN2UlINgkv9b3vm2iHicoenWKSX9mKWmGOsU/iI5IST7pQ=="
    },
    "fast-stringify": {
      "version": "1.1.2",
      "resolved": "https://registry.npmjs.org/fast-stringify/-/fast-stringify-1.1.2.tgz",
      "integrity": "sha512-SfslXjiH8km0WnRiuPfpUKwlZjW5I878qsOm+2x8x3TgqmElOOLh1rgJFb+PolNdNRK3r8urEefqx0wt7vx1dA=="
    },
    "ionicons": {
      "version": "5.0.1",
      "resolved": "https://registry.npmjs.org/ionicons/-/ionicons-5.0.1.tgz",
      "integrity": "sha512-P9GHr7pgCJcG211W0wute49NZ9AvJZvFJf4OwYybakjX6j7tu0q5t5HNWn9bcb9YjI7SxBblJg8iqQ1Yb59DXw==",
      "dev": true
    },
    "micro-memoize": {
      "version": "2.1.2",
      "resolved": "https://registry.npmjs.org/micro-memoize/-/micro-memoize-2.1.2.tgz",
      "integrity": "sha512-COjNutiFgnDHXZEIM/jYuZPwq2h8zMUeScf6Sh6so98a+REqdlpaNS7Cb2ffGfK5I+xfgoA3Rx49NGuNJTJq3w=="
    },
    "moize": {
      "version": "5.4.6",
      "resolved": "https://registry.npmjs.org/moize/-/moize-5.4.6.tgz",
      "integrity": "sha512-gvMOccupuKKD9Yzgda474o/RIl0EIUnCPuNLn9GPo71HJZPhWdzu/RYZQjYRheDMcuJfXifB9ttzAYCrkGKM0A==",
      "requires": {
        "fast-equals": "^1.6.0",
        "fast-stringify": "^1.1.0",
        "micro-memoize": "^2.1.1"
      }
    },
    "tslib": {
      "version": "1.11.1",
      "resolved": "https://registry.npmjs.org/tslib/-/tslib-1.11.1.tgz",
      "integrity": "sha512-aZW88SY8kQbU7gpV19lN24LtXh/yD4ZZg6qieAJDDg+YBsJcSmLGK9QpnUjAKVG/xefmvJGd1WUmfpT/g6AJGA==",
      "dev": true
    },
    "typescript": {
      "version": "3.8.3",
      "resolved": "https://registry.npmjs.org/typescript/-/typescript-3.8.3.tgz",
      "integrity": "sha512-MYlEfn5VrLNsgudQTVJeNaQFUAI7DkhnOjdpAp4T+ku1TfQClewlbSuTVHiA+8skNBgaf02TL/kLOvig4y3G8w==",
      "dev": true
    }
  }
}
